// !$*UTF8*$!
{
	archiveVersion = 1;
	classes = {
	};
	objectVersion = 46;
	objects = {

/* Begin PBXBuildFile section */
		F1245B83175A41D800D44C51 /* BBTodoTitleTableViewCell.xib in Resources */ = {isa = PBXBuildFile; fileRef = F1245B81175A41D800D44C51 /* BBTodoTitleTableViewCell.xib */; };
		F1245B88175A427800D44C51 /* BBTodoDateTableViewCell.xib in Resources */ = {isa = PBXBuildFile; fileRef = F1245B86175A427800D44C51 /* BBTodoDateTableViewCell.xib */; };
		F1245B91175A510000D44C51 /* BBAboutViewController.m in Sources */ = {isa = PBXBuildFile; fileRef = F1245B8F175A510000D44C51 /* BBAboutViewController.m */; };
		F1245B92175A510000D44C51 /* BBAboutViewController.xib in Resources */ = {isa = PBXBuildFile; fileRef = F1245B90175A510000D44C51 /* BBAboutViewController.xib */; };
		F1245B94175A524100D44C51 /* babel.png in Resources */ = {isa = PBXBuildFile; fileRef = F1245B93175A524100D44C51 /* babel.png */; };
		F1245B9D175A5F0A00D44C51 /* BBTodo.m in Sources */ = {isa = PBXBuildFile; fileRef = F1245B9C175A5F0900D44C51 /* BBTodo.m */; };
		F1245BA3175A648700D44C51 /* BBDateUtils.m in Sources */ = {isa = PBXBuildFile; fileRef = F1245BA2175A648600D44C51 /* BBDateUtils.m */; };
		F1245BA9175A7B5800D44C51 /* BBRecentsTableViewController.m in Sources */ = {isa = PBXBuildFile; fileRef = F1245BA7175A7B5700D44C51 /* BBRecentsTableViewController.m */; };
		F1245BAA175A7B5800D44C51 /* BBRecentsTableViewController.xib in Resources */ = {isa = PBXBuildFile; fileRef = F1245BA8175A7B5700D44C51 /* BBRecentsTableViewController.xib */; };
		F1245BB6175B44C500D44C51 /* About.png in Resources */ = {isa = PBXBuildFile; fileRef = F1245BB5175B44C500D44C51 /* About.png */; };
		F1245BB8175B44CD00D44C51 /* Todos.png in Resources */ = {isa = PBXBuildFile; fileRef = F1245BB7175B44CD00D44C51 /* Todos.png */; };
		F1245BBB175B5EA400D44C51 /* BBModel.m in Sources */ = {isa = PBXBuildFile; fileRef = F1245BBA175B5EA400D44C51 /* BBModel.m */; };
		F1245BBE175B5ED400D44C51 /* Localizable.strings in Resources */ = {isa = PBXBuildFile; fileRef = F1245BBC175B5ED300D44C51 /* Localizable.strings */; };
		F14F803B175336D000D379EF /* UIKit.framework in Frameworks */ = {isa = PBXBuildFile; fileRef = F14F803A175336D000D379EF /* UIKit.framework */; };
		F14F803D175336D000D379EF /* Foundation.framework in Frameworks */ = {isa = PBXBuildFile; fileRef = F14F803C175336D000D379EF /* Foundation.framework */; };
		F14F803F175336D000D379EF /* CoreGraphics.framework in Frameworks */ = {isa = PBXBuildFile; fileRef = F14F803E175336D000D379EF /* CoreGraphics.framework */; };
		F14F8045175336D000D379EF /* InfoPlist.strings in Resources */ = {isa = PBXBuildFile; fileRef = F14F8043175336D000D379EF /* InfoPlist.strings */; };
		F14F8047175336D000D379EF /* main.m in Sources */ = {isa = PBXBuildFile; fileRef = F14F8046175336D000D379EF /* main.m */; };
		F14F804B175336D000D379EF /* BBAppDelegate.m in Sources */ = {isa = PBXBuildFile; fileRef = F14F804A175336D000D379EF /* BBAppDelegate.m */; };
		F14F804D175336D000D379EF /* Default.png in Resources */ = {isa = PBXBuildFile; fileRef = F14F804C175336D000D379EF /* Default.png */; };
		F14F804F175336D000D379EF /* Default@2x.png in Resources */ = {isa = PBXBuildFile; fileRef = F14F804E175336D000D379EF /* Default@2x.png */; };
		F14F8051175336D000D379EF /* Default-568h@2x.png in Resources */ = {isa = PBXBuildFile; fileRef = F14F8050175336D000D379EF /* Default-568h@2x.png */; };
		F14F8059175336D000D379EF /* SenTestingKit.framework in Frameworks */ = {isa = PBXBuildFile; fileRef = F14F8058175336D000D379EF /* SenTestingKit.framework */; };
		F14F805A175336D000D379EF /* UIKit.framework in Frameworks */ = {isa = PBXBuildFile; fileRef = F14F803A175336D000D379EF /* UIKit.framework */; };
		F14F805B175336D000D379EF /* Foundation.framework in Frameworks */ = {isa = PBXBuildFile; fileRef = F14F803C175336D000D379EF /* Foundation.framework */; };
		F14F8063175336D000D379EF /* InfoPlist.strings in Resources */ = {isa = PBXBuildFile; fileRef = F14F8061175336D000D379EF /* InfoPlist.strings */; };
		F14F8066175336D000D379EF /* TodoListTests.m in Sources */ = {isa = PBXBuildFile; fileRef = F14F8065175336D000D379EF /* TodoListTests.m */; };
		F14F80771753377A00D379EF /* BBTodosTableViewController.m in Sources */ = {isa = PBXBuildFile; fileRef = F14F80751753377A00D379EF /* BBTodosTableViewController.m */; };
		F14F80781753377A00D379EF /* BBTodosTableViewController.xib in Resources */ = {isa = PBXBuildFile; fileRef = F14F80761753377A00D379EF /* BBTodosTableViewController.xib */; };
		F14F8094175A3D9C00D379EF /* BBCreateTodoViewController.m in Sources */ = {isa = PBXBuildFile; fileRef = F14F8092175A3D9C00D379EF /* BBCreateTodoViewController.m */; };
		F14F8095175A3D9C00D379EF /* BBCreateTodoViewController.xib in Resources */ = {isa = PBXBuildFile; fileRef = F14F8093175A3D9C00D379EF /* BBCreateTodoViewController.xib */; };
/* End PBXBuildFile section */

/* Begin PBXContainerItemProxy section */
		F14F805C175336D000D379EF /* PBXContainerItemProxy */ = {
			isa = PBXContainerItemProxy;
			containerPortal = F14F802F175336D000D379EF /* Project object */;
			proxyType = 1;
			remoteGlobalIDString = F14F8036175336D000D379EF;
			remoteInfo = TodoList;
		};
/* End PBXContainerItemProxy section */

/* Begin PBXFileReference section */
		F1245B81175A41D800D44C51 /* BBTodoTitleTableViewCell.xib */ = {isa = PBXFileReference; fileEncoding = 4; lastKnownFileType = file.xib; path = BBTodoTitleTableViewCell.xib; sourceTree = "<group>"; };
		F1245B86175A427800D44C51 /* BBTodoDateTableViewCell.xib */ = {isa = PBXFileReference; fileEncoding = 4; lastKnownFileType = file.xib; path = BBTodoDateTableViewCell.xib; sourceTree = "<group>"; };
		F1245B8E175A510000D44C51 /* BBAboutViewController.h */ = {isa = PBXFileReference; fileEncoding = 4; lastKnownFileType = sourcecode.c.h; path = BBAboutViewController.h; sourceTree = "<group>"; };
		F1245B8F175A510000D44C51 /* BBAboutViewController.m */ = {isa = PBXFileReference; fileEncoding = 4; lastKnownFileType = sourcecode.c.objc; path = BBAboutViewController.m; sourceTree = "<group>"; };
		F1245B90175A510000D44C51 /* BBAboutViewController.xib */ = {isa = PBXFileReference; fileEncoding = 4; lastKnownFileType = file.xib; path = BBAboutViewController.xib; sourceTree = "<group>"; };
		F1245B93175A524100D44C51 /* babel.png */ = {isa = PBXFileReference; lastKnownFileType = image.png; path = babel.png; sourceTree = "<group>"; };
		F1245B9B175A5F0900D44C51 /* BBTodo.h */ = {isa = PBXFileReference; fileEncoding = 4; lastKnownFileType = sourcecode.c.h; path = BBTodo.h; sourceTree = "<group>"; };
		F1245B9C175A5F0900D44C51 /* BBTodo.m */ = {isa = PBXFileReference; fileEncoding = 4; lastKnownFileType = sourcecode.c.objc; path = BBTodo.m; sourceTree = "<group>"; };
		F1245BA1175A648600D44C51 /* BBDateUtils.h */ = {isa = PBXFileReference; fileEncoding = 4; lastKnownFileType = sourcecode.c.h; path = BBDateUtils.h; sourceTree = "<group>"; };
		F1245BA2175A648600D44C51 /* BBDateUtils.m */ = {isa = PBXFileReference; fileEncoding = 4; lastKnownFileType = sourcecode.c.objc; path = BBDateUtils.m; sourceTree = "<group>"; };
		F1245BA6175A7B5600D44C51 /* BBRecentsTableViewController.h */ = {isa = PBXFileReference; fileEncoding = 4; lastKnownFileType = sourcecode.c.h; path = BBRecentsTableViewController.h; sourceTree = "<group>"; };
		F1245BA7175A7B5700D44C51 /* BBRecentsTableViewController.m */ = {isa = PBXFileReference; fileEncoding = 4; lastKnownFileType = sourcecode.c.objc; path = BBRecentsTableViewController.m; sourceTree = "<group>"; };
		F1245BA8175A7B5700D44C51 /* BBRecentsTableViewController.xib */ = {isa = PBXFileReference; fileEncoding = 4; lastKnownFileType = file.xib; path = BBRecentsTableViewController.xib; sourceTree = "<group>"; };
		F1245BB1175A7FB800D44C51 /* de */ = {isa = PBXFileReference; lastKnownFileType = text.plist.strings; name = de; path = de.lproj/InfoPlist.strings; sourceTree = "<group>"; };
		F1245BB4175A7FC100D44C51 /* es */ = {isa = PBXFileReference; lastKnownFileType = text.plist.strings; name = es; path = es.lproj/InfoPlist.strings; sourceTree = "<group>"; };
		F1245BB5175B44C500D44C51 /* About.png */ = {isa = PBXFileReference; lastKnownFileType = image.png; path = About.png; sourceTree = "<group>"; };
		F1245BB7175B44CD00D44C51 /* Todos.png */ = {isa = PBXFileReference; lastKnownFileType = image.png; path = Todos.png; sourceTree = "<group>"; };
		F1245BB9175B5EA300D44C51 /* BBModel.h */ = {isa = PBXFileReference; fileEncoding = 4; lastKnownFileType = sourcecode.c.h; path = BBModel.h; sourceTree = "<group>"; };
		F1245BBA175B5EA400D44C51 /* BBModel.m */ = {isa = PBXFileReference; fileEncoding = 4; lastKnownFileType = sourcecode.c.objc; path = BBModel.m; sourceTree = "<group>"; };
		F1245BBD175B5ED400D44C51 /* en */ = {isa = PBXFileReference; lastKnownFileType = text.plist.strings; name = en; path = en.lproj/Localizable.strings; sourceTree = "<group>"; };
		F1245BBF175B5EDC00D44C51 /* fr */ = {isa = PBXFileReference; lastKnownFileType = text.plist.strings; name = fr; path = fr.lproj/Localizable.strings; sourceTree = "<group>"; };
		F1245BC0175B5EDD00D44C51 /* de */ = {isa = PBXFileReference; lastKnownFileType = text.plist.strings; name = de; path = de.lproj/Localizable.strings; sourceTree = "<group>"; };
		F1245BC1175B5EDE00D44C51 /* es */ = {isa = PBXFileReference; lastKnownFileType = text.plist.strings; name = es; path = es.lproj/Localizable.strings; sourceTree = "<group>"; };
		F14F8037175336D000D379EF /* TodoList.app */ = {isa = PBXFileReference; explicitFileType = wrapper.application; includeInIndex = 0; path = TodoList.app; sourceTree = BUILT_PRODUCTS_DIR; };
		F14F803A175336D000D379EF /* UIKit.framework */ = {isa = PBXFileReference; lastKnownFileType = wrapper.framework; name = UIKit.framework; path = System/Library/Frameworks/UIKit.framework; sourceTree = SDKROOT; };
		F14F803C175336D000D379EF /* Foundation.framework */ = {isa = PBXFileReference; lastKnownFileType = wrapper.framework; name = Foundation.framework; path = System/Library/Frameworks/Foundation.framework; sourceTree = SDKROOT; };
		F14F803E175336D000D379EF /* CoreGraphics.framework */ = {isa = PBXFileReference; lastKnownFileType = wrapper.framework; name = CoreGraphics.framework; path = System/Library/Frameworks/CoreGraphics.framework; sourceTree = SDKROOT; };
		F14F8042175336D000D379EF /* TodoList-Info.plist */ = {isa = PBXFileReference; lastKnownFileType = text.plist.xml; path = "TodoList-Info.plist"; sourceTree = "<group>"; };
		F14F8044175336D000D379EF /* en */ = {isa = PBXFileReference; lastKnownFileType = text.plist.strings; name = en; path = en.lproj/InfoPlist.strings; sourceTree = "<group>"; };
		F14F8046175336D000D379EF /* main.m */ = {isa = PBXFileReference; lastKnownFileType = sourcecode.c.objc; path = main.m; sourceTree = "<group>"; };
		F14F8048175336D000D379EF /* TodoList-Prefix.pch */ = {isa = PBXFileReference; lastKnownFileType = sourcecode.c.h; path = "TodoList-Prefix.pch"; sourceTree = "<group>"; };
		F14F8049175336D000D379EF /* BBAppDelegate.h */ = {isa = PBXFileReference; lastKnownFileType = sourcecode.c.h; path = BBAppDelegate.h; sourceTree = "<group>"; };
		F14F804A175336D000D379EF /* BBAppDelegate.m */ = {isa = PBXFileReference; lastKnownFileType = sourcecode.c.objc; path = BBAppDelegate.m; sourceTree = "<group>"; };
		F14F804C175336D000D379EF /* Default.png */ = {isa = PBXFileReference; lastKnownFileType = image.png; path = Default.png; sourceTree = "<group>"; };
		F14F804E175336D000D379EF /* Default@2x.png */ = {isa = PBXFileReference; lastKnownFileType = image.png; path = "Default@2x.png"; sourceTree = "<group>"; };
		F14F8050175336D000D379EF /* Default-568h@2x.png */ = {isa = PBXFileReference; lastKnownFileType = image.png; path = "Default-568h@2x.png"; sourceTree = "<group>"; };
		F14F8057175336D000D379EF /* TodoListTests.octest */ = {isa = PBXFileReference; explicitFileType = wrapper.cfbundle; includeInIndex = 0; path = TodoListTests.octest; sourceTree = BUILT_PRODUCTS_DIR; };
		F14F8058175336D000D379EF /* SenTestingKit.framework */ = {isa = PBXFileReference; lastKnownFileType = wrapper.framework; name = SenTestingKit.framework; path = Library/Frameworks/SenTestingKit.framework; sourceTree = DEVELOPER_DIR; };
		F14F8060175336D000D379EF /* TodoListTests-Info.plist */ = {isa = PBXFileReference; lastKnownFileType = text.plist.xml; path = "TodoListTests-Info.plist"; sourceTree = "<group>"; };
		F14F8062175336D000D379EF /* en */ = {isa = PBXFileReference; lastKnownFileType = text.plist.strings; name = en; path = en.lproj/InfoPlist.strings; sourceTree = "<group>"; };
		F14F8064175336D000D379EF /* TodoListTests.h */ = {isa = PBXFileReference; lastKnownFileType = sourcecode.c.h; path = TodoListTests.h; sourceTree = "<group>"; };
		F14F8065175336D000D379EF /* TodoListTests.m */ = {isa = PBXFileReference; lastKnownFileType = sourcecode.c.objc; path = TodoListTests.m; sourceTree = "<group>"; };
		F14F80741753377A00D379EF /* BBTodosTableViewController.h */ = {isa = PBXFileReference; fileEncoding = 4; lastKnownFileType = sourcecode.c.h; path = BBTodosTableViewController.h; sourceTree = "<group>"; };
		F14F80751753377A00D379EF /* BBTodosTableViewController.m */ = {isa = PBXFileReference; fileEncoding = 4; lastKnownFileType = sourcecode.c.objc; path = BBTodosTableViewController.m; sourceTree = "<group>"; };
		F14F80761753377A00D379EF /* BBTodosTableViewController.xib */ = {isa = PBXFileReference; fileEncoding = 4; lastKnownFileType = file.xib; path = BBTodosTableViewController.xib; sourceTree = "<group>"; };
		F14F8091175A3D9C00D379EF /* BBCreateTodoViewController.h */ = {isa = PBXFileReference; fileEncoding = 4; lastKnownFileType = sourcecode.c.h; path = BBCreateTodoViewController.h; sourceTree = "<group>"; };
		F14F8092175A3D9C00D379EF /* BBCreateTodoViewController.m */ = {isa = PBXFileReference; fileEncoding = 4; lastKnownFileType = sourcecode.c.objc; path = BBCreateTodoViewController.m; sourceTree = "<group>"; };
		F14F8093175A3D9C00D379EF /* BBCreateTodoViewController.xib */ = {isa = PBXFileReference; fileEncoding = 4; lastKnownFileType = file.xib; path = BBCreateTodoViewController.xib; sourceTree = "<group>"; };
/* End PBXFileReference section */

/* Begin PBXFrameworksBuildPhase section */
		F14F8034175336D000D379EF /* Frameworks */ = {
			isa = PBXFrameworksBuildPhase;
			buildActionMask = 2147483647;
			files = (
				F14F803B175336D000D379EF /* UIKit.framework in Frameworks */,
				F14F803D175336D000D379EF /* Foundation.framework in Frameworks */,
				F14F803F175336D000D379EF /* CoreGraphics.framework in Frameworks */,
			);
			runOnlyForDeploymentPostprocessing = 0;
		};
		F14F8053175336D000D379EF /* Frameworks */ = {
			isa = PBXFrameworksBuildPhase;
			buildActionMask = 2147483647;
			files = (
				F14F8059175336D000D379EF /* SenTestingKit.framework in Frameworks */,
				F14F805A175336D000D379EF /* UIKit.framework in Frameworks */,
				F14F805B175336D000D379EF /* Foundation.framework in Frameworks */,
			);
			runOnlyForDeploymentPostprocessing = 0;
		};
/* End PBXFrameworksBuildPhase section */

/* Begin PBXGroup section */
		F14F802E175336D000D379EF = {
			isa = PBXGroup;
			children = (
				F14F8040175336D000D379EF /* TodoList */,
				F14F805E175336D000D379EF /* TodoListTests */,
				F14F8039175336D000D379EF /* Frameworks */,
				F14F8038175336D000D379EF /* Products */,
			);
			sourceTree = "<group>";
		};
		F14F8038175336D000D379EF /* Products */ = {
			isa = PBXGroup;
			children = (
				F14F8037175336D000D379EF /* TodoList.app */,
				F14F8057175336D000D379EF /* TodoListTests.octest */,
			);
			name = Products;
			sourceTree = "<group>";
		};
		F14F8039175336D000D379EF /* Frameworks */ = {
			isa = PBXGroup;
			children = (
				F14F803A175336D000D379EF /* UIKit.framework */,
				F14F803C175336D000D379EF /* Foundation.framework */,
				F14F803E175336D000D379EF /* CoreGraphics.framework */,
				F14F8058175336D000D379EF /* SenTestingKit.framework */,
			);
			name = Frameworks;
			sourceTree = "<group>";
		};
		F14F8040175336D000D379EF /* TodoList */ = {
			isa = PBXGroup;
			children = (
				F14F8079175A336600D379EF /* Icons */,
				F1245BA1175A648600D44C51 /* BBDateUtils.h */,
				F1245BA2175A648600D44C51 /* BBDateUtils.m */,
				F1245BB9175B5EA300D44C51 /* BBModel.h */,
				F1245BBA175B5EA400D44C51 /* BBModel.m */,
				F1245B9B175A5F0900D44C51 /* BBTodo.h */,
				F1245B9C175A5F0900D44C51 /* BBTodo.m */,
				F14F8049175336D000D379EF /* BBAppDelegate.h */,
				F14F804A175336D000D379EF /* BBAppDelegate.m */,
				F14F80741753377A00D379EF /* BBTodosTableViewController.h */,
				F14F80751753377A00D379EF /* BBTodosTableViewController.m */,
				F14F80761753377A00D379EF /* BBTodosTableViewController.xib */,
				F1245BA6175A7B5600D44C51 /* BBRecentsTableViewController.h */,
				F1245BA7175A7B5700D44C51 /* BBRecentsTableViewController.m */,
				F1245BA8175A7B5700D44C51 /* BBRecentsTableViewController.xib */,
				F14F8091175A3D9C00D379EF /* BBCreateTodoViewController.h */,
				F14F8092175A3D9C00D379EF /* BBCreateTodoViewController.m */,
				F14F8093175A3D9C00D379EF /* BBCreateTodoViewController.xib */,
				F1245B81175A41D800D44C51 /* BBTodoTitleTableViewCell.xib */,
				F1245B86175A427800D44C51 /* BBTodoDateTableViewCell.xib */,
				F1245B8E175A510000D44C51 /* BBAboutViewController.h */,
				F1245B8F175A510000D44C51 /* BBAboutViewController.m */,
				F1245B90175A510000D44C51 /* BBAboutViewController.xib */,
				F14F8041175336D000D379EF /* Supporting Files */,
			);
			path = TodoList;
			sourceTree = "<group>";
		};
		F14F8041175336D000D379EF /* Supporting Files */ = {
			isa = PBXGroup;
			children = (
				F1245BBC175B5ED300D44C51 /* Localizable.strings */,
				F14F8042175336D000D379EF /* TodoList-Info.plist */,
				F14F8043175336D000D379EF /* InfoPlist.strings */,
				F14F8046175336D000D379EF /* main.m */,
				F14F8048175336D000D379EF /* TodoList-Prefix.pch */,
				F14F804C175336D000D379EF /* Default.png */,
				F14F804E175336D000D379EF /* Default@2x.png */,
				F14F8050175336D000D379EF /* Default-568h@2x.png */,
			);
			name = "Supporting Files";
			sourceTree = "<group>";
		};
		F14F805E175336D000D379EF /* TodoListTests */ = {
			isa = PBXGroup;
			children = (
				F14F8064175336D000D379EF /* TodoListTests.h */,
				F14F8065175336D000D379EF /* TodoListTests.m */,
				F14F805F175336D000D379EF /* Supporting Files */,
			);
			path = TodoListTests;
			sourceTree = "<group>";
		};
		F14F805F175336D000D379EF /* Supporting Files */ = {
			isa = PBXGroup;
			children = (
				F14F8060175336D000D379EF /* TodoListTests-Info.plist */,
				F14F8061175336D000D379EF /* InfoPlist.strings */,
			);
			name = "Supporting Files";
			sourceTree = "<group>";
		};
		F14F8079175A336600D379EF /* Icons */ = {
			isa = PBXGroup;
			children = (
				F1245BB7175B44CD00D44C51 /* Todos.png */,
				F1245BB5175B44C500D44C51 /* About.png */,
				F1245B93175A524100D44C51 /* babel.png */,
			);
			name = Icons;
			sourceTree = "<group>";
		};
/* End PBXGroup section */

/* Begin PBXNativeTarget section */
		F14F8036175336D000D379EF /* TodoList */ = {
			isa = PBXNativeTarget;
			buildConfigurationList = F14F8069175336D000D379EF /* Build configuration list for PBXNativeTarget "TodoList" */;
			buildPhases = (
				F14F8033175336D000D379EF /* Sources */,
				F14F8034175336D000D379EF /* Frameworks */,
				F14F8035175336D000D379EF /* Resources */,
			);
			buildRules = (
			);
			dependencies = (
			);
			name = TodoList;
			productName = TodoList;
			productReference = F14F8037175336D000D379EF /* TodoList.app */;
			productType = "com.apple.product-type.application";
		};
		F14F8056175336D000D379EF /* TodoListTests */ = {
			isa = PBXNativeTarget;
			buildConfigurationList = F14F806C175336D000D379EF /* Build configuration list for PBXNativeTarget "TodoListTests" */;
			buildPhases = (
				F14F8052175336D000D379EF /* Sources */,
				F14F8053175336D000D379EF /* Frameworks */,
				F14F8054175336D000D379EF /* Resources */,
				F14F8055175336D000D379EF /* ShellScript */,
			);
			buildRules = (
			);
			dependencies = (
				F14F805D175336D000D379EF /* PBXTargetDependency */,
			);
			name = TodoListTests;
			productName = TodoListTests;
			productReference = F14F8057175336D000D379EF /* TodoListTests.octest */;
			productType = "com.apple.product-type.bundle";
		};
/* End PBXNativeTarget section */

/* Begin PBXProject section */
		F14F802F175336D000D379EF /* Project object */ = {
			isa = PBXProject;
			attributes = {
				CLASSPREFIX = BB;
				LastUpgradeCheck = 0460;
				ORGANIZATIONNAME = BabelBytes;
			};
			buildConfigurationList = F14F8032175336D000D379EF /* Build configuration list for PBXProject "TodoList" */;
			compatibilityVersion = "Xcode 3.2";
			developmentRegion = English;
			hasScannedForEncodings = 0;
			knownRegions = (
				en,
				fr,
				de,
				es,
			);
			mainGroup = F14F802E175336D000D379EF;
			productRefGroup = F14F8038175336D000D379EF /* Products */;
			projectDirPath = "";
			projectRoot = "";
			targets = (
				F14F8036175336D000D379EF /* TodoList */,
				F14F8056175336D000D379EF /* TodoListTests */,
			);
		};
/* End PBXProject section */

/* Begin PBXResourcesBuildPhase section */
		F14F8035175336D000D379EF /* Resources */ = {
			isa = PBXResourcesBuildPhase;
			buildActionMask = 2147483647;
			files = (
				F14F8045175336D000D379EF /* InfoPlist.strings in Resources */,
				F14F804D175336D000D379EF /* Default.png in Resources */,
				F14F804F175336D000D379EF /* Default@2x.png in Resources */,
				F14F8051175336D000D379EF /* Default-568h@2x.png in Resources */,
				F14F80781753377A00D379EF /* BBTodosTableViewController.xib in Resources */,
				F14F8095175A3D9C00D379EF /* BBCreateTodoViewController.xib in Resources */,
				F1245B83175A41D800D44C51 /* BBTodoTitleTableViewCell.xib in Resources */,
				F1245B88175A427800D44C51 /* BBTodoDateTableViewCell.xib in Resources */,
				F1245B92175A510000D44C51 /* BBAboutViewController.xib in Resources */,
				F1245B94175A524100D44C51 /* babel.png in Resources */,
				F1245BAA175A7B5800D44C51 /* BBRecentsTableViewController.xib in Resources */,
				F1245BB6175B44C500D44C51 /* About.png in Resources */,
				F1245BB8175B44CD00D44C51 /* Todos.png in Resources */,
				F1245BBE175B5ED400D44C51 /* Localizable.strings in Resources */,
			);
			runOnlyForDeploymentPostprocessing = 0;
		};
		F14F8054175336D000D379EF /* Resources */ = {
			isa = PBXResourcesBuildPhase;
			buildActionMask = 2147483647;
			files = (
				F14F8063175336D000D379EF /* InfoPlist.strings in Resources */,
			);
			runOnlyForDeploymentPostprocessing = 0;
		};
/* End PBXResourcesBuildPhase section */

/* Begin PBXShellScriptBuildPhase section */
		F14F8055175336D000D379EF /* ShellScript */ = {
			isa = PBXShellScriptBuildPhase;
			buildActionMask = 2147483647;
			files = (
			);
			inputPaths = (
			);
			outputPaths = (
			);
			runOnlyForDeploymentPostprocessing = 0;
			shellPath = /bin/sh;
			shellScript = "# Run the unit tests in this test bundle.\n\"${SYSTEM_DEVELOPER_DIR}/Tools/RunUnitTests\"\n";
		};
/* End PBXShellScriptBuildPhase section */

/* Begin PBXSourcesBuildPhase section */
		F14F8033175336D000D379EF /* Sources */ = {
			isa = PBXSourcesBuildPhase;
			buildActionMask = 2147483647;
			files = (
				F14F8047175336D000D379EF /* main.m in Sources */,
				F14F804B175336D000D379EF /* BBAppDelegate.m in Sources */,
				F14F80771753377A00D379EF /* BBTodosTableViewController.m in Sources */,
				F14F8094175A3D9C00D379EF /* BBCreateTodoViewController.m in Sources */,
				F1245B91175A510000D44C51 /* BBAboutViewController.m in Sources */,
				F1245B9D175A5F0A00D44C51 /* BBTodo.m in Sources */,
				F1245BA3175A648700D44C51 /* BBDateUtils.m in Sources */,
				F1245BA9175A7B5800D44C51 /* BBRecentsTableViewController.m in Sources */,
				F1245BBB175B5EA400D44C51 /* BBModel.m in Sources */,
			);
			runOnlyForDeploymentPostprocessing = 0;
		};
		F14F8052175336D000D379EF /* Sources */ = {
			isa = PBXSourcesBuildPhase;
			buildActionMask = 2147483647;
			files = (
				F14F8066175336D000D379EF /* TodoListTests.m in Sources */,
			);
			runOnlyForDeploymentPostprocessing = 0;
		};
/* End PBXSourcesBuildPhase section */

/* Begin PBXTargetDependency section */
		F14F805D175336D000D379EF /* PBXTargetDependency */ = {
			isa = PBXTargetDependency;
			target = F14F8036175336D000D379EF /* TodoList */;
			targetProxy = F14F805C175336D000D379EF /* PBXContainerItemProxy */;
		};
/* End PBXTargetDependency section */

/* Begin PBXVariantGroup section */
		F1245BBC175B5ED300D44C51 /* Localizable.strings */ = {
			isa = PBXVariantGroup;
			children = (
				F1245BBD175B5ED400D44C51 /* en */,
				F1245BBF175B5EDC00D44C51 /* fr */,
				F1245BC0175B5EDD00D44C51 /* de */,
				F1245BC1175B5EDE00D44C51 /* es */,
			);
			name = Localizable.strings;
			sourceTree = "<group>";
		};
		F14F8043175336D000D379EF /* InfoPlist.strings */ = {
			isa = PBXVariantGroup;
			children = (
				F14F8044175336D000D379EF /* en */,
			);
			name = InfoPlist.strings;
			sourceTree = "<group>";
		};
		F14F8061175336D000D379EF /* InfoPlist.strings */ = {
			isa = PBXVariantGroup;
			children = (
				F14F8062175336D000D379EF /* en */,
				F1245BB1175A7FB800D44C51 /* de */,
				F1245BB4175A7FC100D44C51 /* es */,
			);
			name = InfoPlist.strings;
			sourceTree = "<group>";
		};
/* End PBXVariantGroup section */

/* Begin XCBuildConfiguration section */
		F14F8067175336D000D379EF /* Debug */ = {
			isa = XCBuildConfiguration;
			buildSettings = {
				ALWAYS_SEARCH_USER_PATHS = NO;
				CLANG_CXX_LANGUAGE_STANDARD = "gnu++0x";
				CLANG_CXX_LIBRARY = "libc++";
				CLANG_ENABLE_OBJC_ARC = YES;
				CLANG_WARN_CONSTANT_CONVERSION = YES;
				CLANG_WARN_EMPTY_BODY = YES;
				CLANG_WARN_ENUM_CONVERSION = YES;
				CLANG_WARN_INT_CONVERSION = YES;
				CLANG_WARN__DUPLICATE_METHOD_MATCH = YES;
				"CODE_SIGN_IDENTITY[sdk=iphoneos*]" = "iPhone Developer";
				COPY_PHASE_STRIP = NO;
				GCC_C_LANGUAGE_STANDARD = gnu99;
				GCC_DYNAMIC_NO_PIC = NO;
				GCC_OPTIMIZATION_LEVEL = 0;
				GCC_PREPROCESSOR_DEFINITIONS = (
					"DEBUG=1",
					"$(inherited)",
				);
				GCC_SYMBOLS_PRIVATE_EXTERN = NO;
				GCC_WARN_ABOUT_RETURN_TYPE = YES;
				GCC_WARN_UNINITIALIZED_AUTOS = YES;
				GCC_WARN_UNUSED_VARIABLE = YES;
				IPHONEOS_DEPLOYMENT_TARGET = 6.1;
				ONLY_ACTIVE_ARCH = YES;
				SDKROOT = iphoneos;
			};
			name = Debug;
		};
		F14F8068175336D000D379EF /* Release */ = {
			isa = XCBuildConfiguration;
			buildSettings = {
				ALWAYS_SEARCH_USER_PATHS = NO;
				CLANG_CXX_LANGUAGE_STANDARD = "gnu++0x";
				CLANG_CXX_LIBRARY = "libc++";
				CLANG_ENABLE_OBJC_ARC = YES;
				CLANG_WARN_CONSTANT_CONVERSION = YES;
				CLANG_WARN_EMPTY_BODY = YES;
				CLANG_WARN_ENUM_CONVERSION = YES;
				CLANG_WARN_INT_CONVERSION = YES;
				CLANG_WARN__DUPLICATE_METHOD_MATCH = YES;
				"CODE_SIGN_IDENTITY[sdk=iphoneos*]" = "iPhone Developer";
				COPY_PHASE_STRIP = YES;
				GCC_C_LANGUAGE_STANDARD = gnu99;
				GCC_WARN_ABOUT_RETURN_TYPE = YES;
				GCC_WARN_UNINITIALIZED_AUTOS = YES;
				GCC_WARN_UNUSED_VARIABLE = YES;
				IPHONEOS_DEPLOYMENT_TARGET = 6.1;
				OTHER_CFLAGS = "-DNS_BLOCK_ASSERTIONS=1";
				SDKROOT = iphoneos;
				VALIDATE_PRODUCT = YES;
			};
			name = Release;
		};
		F14F806A175336D000D379EF /* Debug */ = {
			isa = XCBuildConfiguration;
			buildSettings = {
				GCC_PRECOMPILE_PREFIX_HEADER = YES;
				GCC_PREFIX_HEADER = "TodoList/TodoList-Prefix.pch";
				INFOPLIST_FILE = "TodoList/TodoList-Info.plist";
				PRODUCT_NAME = "$(TARGET_NAME)";
				WRAPPER_EXTENSION = app;
			};
			name = Debug;
		};
		F14F806B175336D000D379EF /* Release */ = {
			isa = XCBuildConfiguration;
			buildSettings = {
				GCC_PRECOMPILE_PREFIX_HEADER = YES;
				GCC_PREFIX_HEADER = "TodoList/TodoList-Prefix.pch";
				INFOPLIST_FILE = "TodoList/TodoList-Info.plist";
				PRODUCT_NAME = "$(TARGET_NAME)";
				WRAPPER_EXTENSION = app;
			};
			name = Release;
		};
		F14F806D175336D000D379EF /* Debug */ = {
			isa = XCBuildConfiguration;
			buildSettings = {
				BUNDLE_LOADER = "$(BUILT_PRODUCTS_DIR)/TodoList.app/TodoList";
				FRAMEWORK_SEARCH_PATHS = (
					"\"$(SDKROOT)/Developer/Library/Frameworks\"",
					"\"$(DEVELOPER_LIBRARY_DIR)/Frameworks\"",
				);
				GCC_PRECOMPILE_PREFIX_HEADER = YES;
				GCC_PREFIX_HEADER = "TodoList/TodoList-Prefix.pch";
				INFOPLIST_FILE = "TodoListTests/TodoListTests-Info.plist";
				PRODUCT_NAME = "$(TARGET_NAME)";
				TEST_HOST = "$(BUNDLE_LOADER)";
				WRAPPER_EXTENSION = octest;
			};
			name = Debug;
		};
		F14F806E175336D000D379EF /* Release */ = {
			isa = XCBuildConfiguration;
			buildSettings = {
				BUNDLE_LOADER = "$(BUILT_PRODUCTS_DIR)/TodoList.app/TodoList";
				FRAMEWORK_SEARCH_PATHS = (
					"\"$(SDKROOT)/Developer/Library/Frameworks\"",
					"\"$(DEVELOPER_LIBRARY_DIR)/Frameworks\"",
				);
				GCC_PRECOMPILE_PREFIX_HEADER = YES;
				GCC_PREFIX_HEADER = "TodoList/TodoList-Prefix.pch";
				INFOPLIST_FILE = "TodoListTests/TodoListTests-Info.plist";
				PRODUCT_NAME = "$(TARGET_NAME)";
				TEST_HOST = "$(BUNDLE_LOADER)";
				WRAPPER_EXTENSION = octest;
			};
			name = Release;
		};
/* End XCBuildConfiguration section */

/* Begin XCConfigurationList section */
		F14F8032175336D000D379EF /* Build configuration list for PBXProject "TodoList" */ = {
			isa = XCConfigurationList;
			buildConfigurations = (
				F14F8067175336D000D379EF /* Debug */,
				F14F8068175336D000D379EF /* Release */,
			);
			defaultConfigurationIsVisible = 0;
			defaultConfigurationName = Release;
		};
		F14F8069175336D000D379EF /* Build configuration list for PBXNativeTarget "TodoList" */ = {
			isa = XCConfigurationList;
			buildConfigurations = (
				F14F806A175336D000D379EF /* Debug */,
				F14F806B175336D000D379EF /* Release */,
			);
			defaultConfigurationIsVisible = 0;
			defaultConfigurationName = Release;
		};
		F14F806C175336D000D379EF /* Build configuration list for PBXNativeTarget "TodoListTests" */ = {
			isa = XCConfigurationList;
			buildConfigurations = (
				F14F806D175336D000D379EF /* Debug */,
				F14F806E175336D000D379EF /* Release */,
			);
			defaultConfigurationIsVisible = 0;
			defaultConfigurationName = Release;
		};
/* End XCConfigurationList section */
	};
	rootObject = F14F802F175336D000D379EF /* Project object */;
}
